
Microsoft Visual Studio Solution File, Format Version 12.00
# Visual Studio Version 16
VisualStudioVersion = 16.0.31105.61
MinimumVisualStudioVersion = 10.0.40219.1
Project("{FAE04EC0-301F-11D3-BF4B-00C04F79EFBC}") = "AirVinylClient", "AirVinylClient\AirVinylClient.csproj", "{4AEE51BE-92E4-41A5-BB17-93AB22AFCA81}"
EndProject
Global
	GlobalSection(SolutionConfigurationPlatforms) = preSolution
		Debug|Any CPU = Debug|Any CPU
		Release|Any CPU = Release|Any CPU
	EndGlobalSection
	GlobalSection(ProjectConfigurationPlatforms) = postSolution
		{4AEE51BE-92E4-41A5-BB17-93AB22AFCA81}.Debug|Any CPU.ActiveCfg = Debug|Any CPU
		{4AEE51BE-92E4-41A5-BB17-93AB22AFCA81}.Debug|Any CPU.Build.0 = Debug|Any CPU
		{4AEE51BE-92E4-41A5-BB17-93AB22AFCA81}.Release|Any CPU.ActiveCfg = Release|Any CPU
		{4AEE51BE-92E4-41A5-BB17-93AB22AFCA81}.Release|Any CPU.Build.0 = Release|Any CPU
	EndGlobalSection
	GlobalSection(SolutionProperties) = preSolution
		HideSolutionNode = FALSE
	EndGlobalSection
	GlobalSection(ExtensibilityGlobals) = postSolution
		SolutionGuid = {945086B8-A26F-4AF3-9444-2BBA58A20680}
	EndGlobalSection
EndGlobal
